
Microsoft Visual Studio Solution File, Format Version 12.00
# Visual Studio 15
Project("{FAE04EC0-301F-11D3-BF4B-00C04F79EFBC}") = "Assembly-CSharp", "Assembly-CSharp.csproj", "{0D222740-C192-CB87-EE8B-40E2F52ABB2A}"
EndProject
Project("{FAE04EC0-301F-11D3-BF4B-00C04F79EFBC}") = "Assembly-CSharp-Editor", "Assembly-CSharp-Editor.csproj", "{10D8ACA5-F7DD-9C2E-2A0F-9F68FC2B2549}"
EndProject
Global
	GlobalSection(SolutionConfigurationPlatforms) = preSolution
		Debug|Any CPU = Debug|Any CPU
		Release|Any CPU = Release|Any CPU
	EndGlobalSection
	GlobalSection(ProjectConfigurationPlatforms) = postSolution
		{0D222740-C192-CB87-EE8B-40E2F52ABB2A}.Debug|Any CPU.ActiveCfg = Debug|Any CPU
		{0D222740-C192-CB87-EE8B-40E2F52ABB2A}.Debug|Any CPU.Build.0 = Debug|Any CPU
		{0D222740-C192-CB87-EE8B-40E2F52ABB2A}.Release|Any CPU.ActiveCfg = Release|Any CPU
		{0D222740-C192-CB87-EE8B-40E2F52ABB2A}.Release|Any CPU.Build.0 = Release|Any CPU
		{10D8ACA5-F7DD-9C2E-2A0F-9F68FC2B2549}.Debug|Any CPU.ActiveCfg = Debug|Any CPU
		{10D8ACA5-F7DD-9C2E-2A0F-9F68FC2B2549}.Debug|Any CPU.Build.0 = Debug|Any CPU
		{10D8ACA5-F7DD-9C2E-2A0F-9F68FC2B2549}.Release|Any CPU.ActiveCfg = Release|Any CPU
		{10D8ACA5-F7DD-9C2E-2A0F-9F68FC2B2549}.Release|Any CPU.Build.0 = Release|Any CPU
	EndGlobalSection
	GlobalSection(SolutionProperties) = preSolution
		HideSolutionNode = FALSE
	EndGlobalSection
EndGlobal
